// !$*UTF8*$!
{
	archiveVersion = 1;
	classes = {
	};
	objectVersion = 77;
	objects = {

/* Begin PBXBuildFile section */
		01664D28876316AD8B14BEA1 /* AttendanceLogicTests.swift in Sources */ = {isa = PBXBuildFile; fileRef = 87AC7E67C7091F97B5D7E4FF /* AttendanceLogicTests.swift */; };
		065119F939DA1316C08031A7 /* FeatureFlags.swift in Sources */ = {isa = PBXBuildFile; fileRef = 42E65CF322BFF554E531CA30 /* FeatureFlags.swift */; };
		0D88D6E645BA922FD1A2D5A4 /* RosterView.swift in Sources */ = {isa = PBXBuildFile; fileRef = 4F44A35FCED4364A1434BFDC /* RosterView.swift */; };
		10BC5C64E7AD432622E17329 /* TAVAttendanceApp.swift in Sources */ = {isa = PBXBuildFile; fileRef = 232EA8CD6864FCB17CA40ED4 /* TAVAttendanceApp.swift */; };
		135C5B0F8A62B43146F4B8C3 /* AppError.swift in Sources */ = {isa = PBXBuildFile; fileRef = 81CC1BD809880605E561BC0F /* AppError.swift */; };
		182629C14ED9DA07F22B0223 /* StudentEntity.swift in Sources */ = {isa = PBXBuildFile; fileRef = D4527A7623645D63DEDC2198 /* StudentEntity.swift */; };
		2016432196785011366FAB4C /* Assets.xcassets in Resources */ = {isa = PBXBuildFile; fileRef = 309D5646A5E18F3D281FEABD /* Assets.xcassets */; };
		2ADC0F222562BC8827278955 /* NetworkMonitor.swift in Sources */ = {isa = PBXBuildFile; fileRef = 543023F8203B0054936C6A20 /* NetworkMonitor.swift */; };
		2DD2DE76549D495E0FDDC43B /* GlobalKioskView.swift in Sources */ = {isa = PBXBuildFile; fileRef = F35156E0A7B45FBBCD28DC38 /* GlobalKioskView.swift */; };
		313617761ED161A0A3D09850 /* ClassEntity.swift in Sources */ = {isa = PBXBuildFile; fileRef = FEA18DB9555C7936A4D227EC /* ClassEntity.swift */; };
		3403F3045A1C551C3809F033 /* StudentResultsView.swift in Sources */ = {isa = PBXBuildFile; fileRef = ED27D15B4D66F7FD06F56BF1 /* StudentResultsView.swift */; };
		38FE42903F12B183D53D2AA6 /* StudySpaceView.swift in Sources */ = {isa = PBXBuildFile; fileRef = 109CE89C8684265033D609D6 /* StudySpaceView.swift */; };
		444135573C1FE2B662F582F6 /* TodayAttendanceSummaryIntent.swift in Sources */ = {isa = PBXBuildFile; fileRef = 0CEC7D4C66DA385710F81DC6 /* TodayAttendanceSummaryIntent.swift */; };
		45F780CDEE205B3028DE4827 /* AttendanceService.swift in Sources */ = {isa = PBXBuildFile; fileRef = 64ADFF510704F740AA4F9A37 /* AttendanceService.swift */; };
		48407CE22BE54FB050C3242C /* StudentProfileView.swift in Sources */ = {isa = PBXBuildFile; fileRef = BA30B1D7854D1E12C0ABF39C /* StudentProfileView.swift */; };
		48D38D79344B863C708969C2 /* PrivacyNoticeView.swift in Sources */ = {isa = PBXBuildFile; fileRef = B01FF2DBA483058541024A0D /* PrivacyNoticeView.swift */; };
		4A5DA3CF97AEE047612EA4B8 /* StudentManagementView.swift in Sources */ = {isa = PBXBuildFile; fileRef = 27779637419CBFBFEA14E32A /* StudentManagementView.swift */; };
		4B671F07BF5257F4D8698371 /* Supabase in Frameworks */ = {isa = PBXBuildFile; productRef = 8511E3D4328E027CE05E01E8 /* Supabase */; };
		57360712B2FCAB4474584EFF /* Analytics.swift in Sources */ = {isa = PBXBuildFile; fileRef = FF5EC050D1FB11BF60A79BDD /* Analytics.swift */; };
		5F60A9C0CC3678AEC4069EEA /* SessionDetailView.swift in Sources */ = {isa = PBXBuildFile; fileRef = 1A13F07251D1EC6DF75C6E76 /* SessionDetailView.swift */; };
		61A15FE98F1DE3DA980A0221 /* TAVAShortcuts.swift in Sources */ = {isa = PBXBuildFile; fileRef = 626807EE6AA6433E29B7EEF5 /* TAVAShortcuts.swift */; };
		6E41513F3BD4A9FB3BBC2722 /* AuthManager.swift in Sources */ = {isa = PBXBuildFile; fileRef = 24263A7CE6B4E1FE69D4C901 /* AuthManager.swift */; };
		746AABDC906A3C1E149B747A /* ResultSlipUploadSheet.swift in Sources */ = {isa = PBXBuildFile; fileRef = 9A9752006163424A558ECFE6 /* ResultSlipUploadSheet.swift */; };
		79A73C09091FD25379D235F8 /* SessionListView.swift in Sources */ = {isa = PBXBuildFile; fileRef = A296E59FB31DDA29EF190F3F /* SessionListView.swift */; };
		7A8E8AB674B8766A7D6C91C6 /* AttendanceStatusAppEnum.swift in Sources */ = {isa = PBXBuildFile; fileRef = D56A28E4752FD6F6FA99B737 /* AttendanceStatusAppEnum.swift */; };
		7B82E654CF7767F1DDC560CD /* SupabaseManager.swift in Sources */ = {isa = PBXBuildFile; fileRef = 385F3C087DCCACB84D814052 /* SupabaseManager.swift */; };
		7D3C850879FD3125ACFD677F /* ClassFormView.swift in Sources */ = {isa = PBXBuildFile; fileRef = F1598BFBB09802266CB1F424 /* ClassFormView.swift */; };
		7FAAC67F3797907FBD7559E2 /* StudentImportView.swift in Sources */ = {isa = PBXBuildFile; fileRef = D673875F41EE45E065B47053 /* StudentImportView.swift */; };
		80AE796DDE099DC594738E3D /* Localizable.xcstrings in Resources */ = {isa = PBXBuildFile; fileRef = 96716DCA08CE8D202CCB479C /* Localizable.xcstrings */; };
		83BFCAAD82E7EEB250A165E7 /* PendingAttendanceStore.swift in Sources */ = {isa = PBXBuildFile; fileRef = FCFB3EEF935EB33E163FBB14 /* PendingAttendanceStore.swift */; };
		88A9F854E30944841383A5A5 /* SignInStudentIntent.swift in Sources */ = {isa = PBXBuildFile; fileRef = 5203C5DAD18245C177E027F0 /* SignInStudentIntent.swift */; };
		8AC4398B1FEDFE3BBD4F5284 /* TutorAssignmentView.swift in Sources */ = {isa = PBXBuildFile; fileRef = EBB063231D34769098CFDE05 /* TutorAssignmentView.swift */; };
		95498756FEA67B4098994E5B /* MarkAttendanceIntent.swift in Sources */ = {isa = PBXBuildFile; fileRef = 79BF5AC4077D5D181F5C1813 /* MarkAttendanceIntent.swift */; };
		9705677849596329C19BA395 /* OpenKioskIntent.swift in Sources */ = {isa = PBXBuildFile; fileRef = 374D50CD7AD19737B0A39486 /* OpenKioskIntent.swift */; };
		9CCF8A6E6924E4CD069CD26D /* ExportView.swift in Sources */ = {isa = PBXBuildFile; fileRef = 06D9A61ADE3ECD77F0BD9220 /* ExportView.swift */; };
		A35FBA2E321411D997079B12 /* KioskRouter.swift in Sources */ = {isa = PBXBuildFile; fileRef = F3063799091ACD1EB194B57C /* KioskRouter.swift */; };
		A41E633F997D792C597FEF1E /* ClassPunctualityIntent.swift in Sources */ = {isa = PBXBuildFile; fileRef = 0B27337B14AAF2CF27A31982 /* ClassPunctualityIntent.swift */; };
		A5D7840C9988F794C2CE2D2B /* IntentSupport.swift in Sources */ = {isa = PBXBuildFile; fileRef = E118AE1693C05946C87E9552 /* IntentSupport.swift */; };
		A6862F092CFF4AD3246EDF9E /* ParentDashboardView.swift in Sources */ = {isa = PBXBuildFile; fileRef = 391868E2E92497E6CDFA922C /* ParentDashboardView.swift */; };
		A8EC3E2E6880A74FA9E4F19A /* ClassListView.swift in Sources */ = {isa = PBXBuildFile; fileRef = 942348981E4DF7666AF12F79 /* ClassListView.swift */; };
		AD5545A3F3C8DFC0847B191E /* CheckStudentStatusIntent.swift in Sources */ = {isa = PBXBuildFile; fileRef = E9545022B35ECF9F7DF0E84D /* CheckStudentStatusIntent.swift */; };
		AF57EBBF290621198727D3D9 /* ParentLinkView.swift in Sources */ = {isa = PBXBuildFile; fileRef = 76DF1807148A196AA37C1204 /* ParentLinkView.swift */; };
		BA86F67649226E9C79AA8C4C /* PushManager.swift in Sources */ = {isa = PBXBuildFile; fileRef = 90A44B53697EDDA16EB00544 /* PushManager.swift */; };
		BAFF49E2F26D7AC1DD4937BB /* StudentAttendanceRateIntent.swift in Sources */ = {isa = PBXBuildFile; fileRef = 00D13ADBA1A88996D74858B4 /* StudentAttendanceRateIntent.swift */; };
		C2DCEC585CCBC4BDAD601D61 /* Models.swift in Sources */ = {isa = PBXBuildFile; fileRef = CB273005930FAD09CC8AD1F7 /* Models.swift */; };
		C2E9D3AF084BA4D847F9850D /* QRScannerView.swift in Sources */ = {isa = PBXBuildFile; fileRef = 757DCC9F10B26459799B20D3 /* QRScannerView.swift */; };
		D693F8B311CB2B7F6D73D158 /* LoginView.swift in Sources */ = {isa = PBXBuildFile; fileRef = B85DEA9F263B167CCEC35BFC /* LoginView.swift */; };
		D84A9BB30A1CE2302FA69420 /* EnrollmentView.swift in Sources */ = {isa = PBXBuildFile; fileRef = 5878F02CFFEB89C2996386A8 /* EnrollmentView.swift */; };
		EDC6B0ACAB97F385C9998282 /* CorrectionRequestsView.swift in Sources */ = {isa = PBXBuildFile; fileRef = D30A5704E0BE4968BD6157D7 /* CorrectionRequestsView.swift */; };
		F7217E3079E64AAB8DDECED7 /* StudentFormView.swift in Sources */ = {isa = PBXBuildFile; fileRef = 4EC7DC93588149D2B2912D0C /* StudentFormView.swift */; };
		FD3419A9374A8E606D4F799C /* AnalyticsTests.swift in Sources */ = {isa = PBXBuildFile; fileRef = D6DEBD5025C3EA87CF049788 /* AnalyticsTests.swift */; };
		FE79888841DAF0F65F1CEEED /* StudentPrivacyView.swift in Sources */ = {isa = PBXBuildFile; fileRef = 2C36143FEF33A6D9C5370479 /* StudentPrivacyView.swift */; };
/* End PBXBuildFile section */

/* Begin PBXContainerItemProxy section */
		FB831165CBB12E0E7A78BAC1 /* PBXContainerItemProxy */ = {
			isa = PBXContainerItemProxy;
			containerPortal = AEDB9117D3EEC69B28C150E1 /* Project object */;
			proxyType = 1;
			remoteGlobalIDString = B3761B335799DF70F2AAAA46;
			remoteInfo = TAVAttendance;
		};
/* End PBXContainerItemProxy section */

/* Begin PBXFileReference section */
		00D13ADBA1A88996D74858B4 /* StudentAttendanceRateIntent.swift */ = {isa = PBXFileReference; lastKnownFileType = sourcecode.swift; path = StudentAttendanceRateIntent.swift; sourceTree = "<group>"; };
		06D9A61ADE3ECD77F0BD9220 /* ExportView.swift */ = {isa = PBXFileReference; lastKnownFileType = sourcecode.swift; path = ExportView.swift; sourceTree = "<group>"; };
		0B27337B14AAF2CF27A31982 /* ClassPunctualityIntent.swift */ = {isa = PBXFileReference; lastKnownFileType = sourcecode.swift; path = ClassPunctualityIntent.swift; sourceTree = "<group>"; };
		0CEC7D4C66DA385710F81DC6 /* TodayAttendanceSummaryIntent.swift */ = {isa = PBXFileReference; lastKnownFileType = sourcecode.swift; path = TodayAttendanceSummaryIntent.swift; sourceTree = "<group>"; };
		109CE89C8684265033D609D6 /* StudySpaceView.swift */ = {isa = PBXFileReference; lastKnownFileType = sourcecode.swift; path = StudySpaceView.swift; sourceTree = "<group>"; };
		1A13F07251D1EC6DF75C6E76 /* SessionDetailView.swift */ = {isa = PBXFileReference; lastKnownFileType = sourcecode.swift; path = SessionDetailView.swift; sourceTree = "<group>"; };
		232EA8CD6864FCB17CA40ED4 /* TAVAttendanceApp.swift */ = {isa = PBXFileReference; lastKnownFileType = sourcecode.swift; path = TAVAttendanceApp.swift; sourceTree = "<group>"; };
		24263A7CE6B4E1FE69D4C901 /* AuthManager.swift */ = {isa = PBXFileReference; lastKnownFileType = sourcecode.swift; path = AuthManager.swift; sourceTree = "<group>"; };
		27779637419CBFBFEA14E32A /* StudentManagementView.swift */ = {isa = PBXFileReference; lastKnownFileType = sourcecode.swift; path = StudentManagementView.swift; sourceTree = "<group>"; };
		2C36143FEF33A6D9C5370479 /* StudentPrivacyView.swift */ = {isa = PBXFileReference; lastKnownFileType = sourcecode.swift; path = StudentPrivacyView.swift; sourceTree = "<group>"; };
		309D5646A5E18F3D281FEABD /* Assets.xcassets */ = {isa = PBXFileReference; lastKnownFileType = folder.assetcatalog; path = Assets.xcassets; sourceTree = "<group>"; };
		374D50CD7AD19737B0A39486 /* OpenKioskIntent.swift */ = {isa = PBXFileReference; lastKnownFileType = sourcecode.swift; path = OpenKioskIntent.swift; sourceTree = "<group>"; };
		385F3C087DCCACB84D814052 /* SupabaseManager.swift */ = {isa = PBXFileReference; lastKnownFileType = sourcecode.swift; path = SupabaseManager.swift; sourceTree = "<group>"; };
		391868E2E92497E6CDFA922C /* ParentDashboardView.swift */ = {isa = PBXFileReference; lastKnownFileType = sourcecode.swift; path = ParentDashboardView.swift; sourceTree = "<group>"; };
		42E65CF322BFF554E531CA30 /* FeatureFlags.swift */ = {isa = PBXFileReference; lastKnownFileType = sourcecode.swift; path = FeatureFlags.swift; sourceTree = "<group>"; };
		4EC7DC93588149D2B2912D0C /* StudentFormView.swift */ = {isa = PBXFileReference; lastKnownFileType = sourcecode.swift; path = StudentFormView.swift; sourceTree = "<group>"; };
		4F44A35FCED4364A1434BFDC /* RosterView.swift */ = {isa = PBXFileReference; lastKnownFileType = sourcecode.swift; path = RosterView.swift; sourceTree = "<group>"; };
		5203C5DAD18245C177E027F0 /* SignInStudentIntent.swift */ = {isa = PBXFileReference; lastKnownFileType = sourcecode.swift; path = SignInStudentIntent.swift; sourceTree = "<group>"; };
		543023F8203B0054936C6A20 /* NetworkMonitor.swift */ = {isa = PBXFileReference; lastKnownFileType = sourcecode.swift; path = NetworkMonitor.swift; sourceTree = "<group>"; };
		5878F02CFFEB89C2996386A8 /* EnrollmentView.swift */ = {isa = PBXFileReference; lastKnownFileType = sourcecode.swift; path = EnrollmentView.swift; sourceTree = "<group>"; };
		5CAA9B963B7BEE4160883812 /* Info.plist */ = {isa = PBXFileReference; lastKnownFileType = text.plist; path = Info.plist; sourceTree = "<group>"; };
		626807EE6AA6433E29B7EEF5 /* TAVAShortcuts.swift */ = {isa = PBXFileReference; lastKnownFileType = sourcecode.swift; path = TAVAShortcuts.swift; sourceTree = "<group>"; };
		64ADFF510704F740AA4F9A37 /* AttendanceService.swift */ = {isa = PBXFileReference; lastKnownFileType = sourcecode.swift; path = AttendanceService.swift; sourceTree = "<group>"; };
		757DCC9F10B26459799B20D3 /* QRScannerView.swift */ = {isa = PBXFileReference; lastKnownFileType = sourcecode.swift; path = QRScannerView.swift; sourceTree = "<group>"; };
		76DF1807148A196AA37C1204 /* ParentLinkView.swift */ = {isa = PBXFileReference; lastKnownFileType = sourcecode.swift; path = ParentLinkView.swift; sourceTree = "<group>"; };
		79BF5AC4077D5D181F5C1813 /* MarkAttendanceIntent.swift */ = {isa = PBXFileReference; lastKnownFileType = sourcecode.swift; path = MarkAttendanceIntent.swift; sourceTree = "<group>"; };
		81CC1BD809880605E561BC0F /* AppError.swift */ = {isa = PBXFileReference; lastKnownFileType = sourcecode.swift; path = AppError.swift; sourceTree = "<group>"; };
		87AC7E67C7091F97B5D7E4FF /* AttendanceLogicTests.swift */ = {isa = PBXFileReference; lastKnownFileType = sourcecode.swift; path = AttendanceLogicTests.swift; sourceTree = "<group>"; };
		90A44B53697EDDA16EB00544 /* PushManager.swift */ = {isa = PBXFileReference; lastKnownFileType = sourcecode.swift; path = PushManager.swift; sourceTree = "<group>"; };
		942348981E4DF7666AF12F79 /* ClassListView.swift */ = {isa = PBXFileReference; lastKnownFileType = sourcecode.swift; path = ClassListView.swift; sourceTree = "<group>"; };
		96716DCA08CE8D202CCB479C /* Localizable.xcstrings */ = {isa = PBXFileReference; lastKnownFileType = text.json.xcstrings; path = Localizable.xcstrings; sourceTree = "<group>"; };
		9A9752006163424A558ECFE6 /* ResultSlipUploadSheet.swift */ = {isa = PBXFileReference; lastKnownFileType = sourcecode.swift; path = ResultSlipUploadSheet.swift; sourceTree = "<group>"; };
		A296E59FB31DDA29EF190F3F /* SessionListView.swift */ = {isa = PBXFileReference; lastKnownFileType = sourcecode.swift; path = SessionListView.swift; sourceTree = "<group>"; };
		B01FF2DBA483058541024A0D /* PrivacyNoticeView.swift */ = {isa = PBXFileReference; lastKnownFileType = sourcecode.swift; path = PrivacyNoticeView.swift; sourceTree = "<group>"; };
		B85DEA9F263B167CCEC35BFC /* LoginView.swift */ = {isa = PBXFileReference; lastKnownFileType = sourcecode.swift; path = LoginView.swift; sourceTree = "<group>"; };
		BA30B1D7854D1E12C0ABF39C /* StudentProfileView.swift */ = {isa = PBXFileReference; lastKnownFileType = sourcecode.swift; path = StudentProfileView.swift; sourceTree = "<group>"; };
		CB273005930FAD09CC8AD1F7 /* Models.swift */ = {isa = PBXFileReference; lastKnownFileType = sourcecode.swift; path = Models.swift; sourceTree = "<group>"; };
		CDE644C09FB4372E686B46F2 /* TAVAttendance.app */ = {isa = PBXFileReference; includeInIndex = 0; lastKnownFileType = wrapper.application; path = TAVAttendance.app; sourceTree = BUILT_PRODUCTS_DIR; };
		D30A5704E0BE4968BD6157D7 /* CorrectionRequestsView.swift */ = {isa = PBXFileReference; lastKnownFileType = sourcecode.swift; path = CorrectionRequestsView.swift; sourceTree = "<group>"; };
		D4527A7623645D63DEDC2198 /* StudentEntity.swift */ = {isa = PBXFileReference; lastKnownFileType = sourcecode.swift; path = StudentEntity.swift; sourceTree = "<group>"; };
		D56A28E4752FD6F6FA99B737 /* AttendanceStatusAppEnum.swift */ = {isa = PBXFileReference; lastKnownFileType = sourcecode.swift; path = AttendanceStatusAppEnum.swift; sourceTree = "<group>"; };
		D673875F41EE45E065B47053 /* StudentImportView.swift */ = {isa = PBXFileReference; lastKnownFileType = sourcecode.swift; path = StudentImportView.swift; sourceTree = "<group>"; };
		D6DEBD5025C3EA87CF049788 /* AnalyticsTests.swift */ = {isa = PBXFileReference; lastKnownFileType = sourcecode.swift; path = AnalyticsTests.swift; sourceTree = "<group>"; };
		E118AE1693C05946C87E9552 /* IntentSupport.swift */ = {isa = PBXFileReference; lastKnownFileType = sourcecode.swift; path = IntentSupport.swift; sourceTree = "<group>"; };
		E9545022B35ECF9F7DF0E84D /* CheckStudentStatusIntent.swift */ = {isa = PBXFileReference; lastKnownFileType = sourcecode.swift; path = CheckStudentStatusIntent.swift; sourceTree = "<group>"; };
		EBB063231D34769098CFDE05 /* TutorAssignmentView.swift */ = {isa = PBXFileReference; lastKnownFileType = sourcecode.swift; path = TutorAssignmentView.swift; sourceTree = "<group>"; };
		ED27D15B4D66F7FD06F56BF1 /* StudentResultsView.swift */ = {isa = PBXFileReference; lastKnownFileType = sourcecode.swift; path = StudentResultsView.swift; sourceTree = "<group>"; };
		F1598BFBB09802266CB1F424 /* ClassFormView.swift */ = {isa = PBXFileReference; lastKnownFileType = sourcecode.swift; path = ClassFormView.swift; sourceTree = "<group>"; };
		F3063799091ACD1EB194B57C /* KioskRouter.swift */ = {isa = PBXFileReference; lastKnownFileType = sourcecode.swift; path = KioskRouter.swift; sourceTree = "<group>"; };
		F35156E0A7B45FBBCD28DC38 /* GlobalKioskView.swift */ = {isa = PBXFileReference; lastKnownFileType = sourcecode.swift; path = GlobalKioskView.swift; sourceTree = "<group>"; };
		FBBE84083C2C744F309E821D /* TAVAttendanceTests.xctest */ = {isa = PBXFileReference; includeInIndex = 0; lastKnownFileType = wrapper.cfbundle; path = TAVAttendanceTests.xctest; sourceTree = BUILT_PRODUCTS_DIR; };
		FCFB3EEF935EB33E163FBB14 /* PendingAttendanceStore.swift */ = {isa = PBXFileReference; lastKnownFileType = sourcecode.swift; path = PendingAttendanceStore.swift; sourceTree = "<group>"; };
		FEA18DB9555C7936A4D227EC /* ClassEntity.swift */ = {isa = PBXFileReference; lastKnownFileType = sourcecode.swift; path = ClassEntity.swift; sourceTree = "<group>"; };
		FF5EC050D1FB11BF60A79BDD /* Analytics.swift */ = {isa = PBXFileReference; lastKnownFileType = sourcecode.swift; path = Analytics.swift; sourceTree = "<group>"; };
		"TEMP_11167080-3BB3-4969-BDD2-574CD2805643" /* Config.xcconfig */ = {isa = PBXFileReference; lastKnownFileType = text.xcconfig; path = Config.xcconfig; sourceTree = "<group>"; };
/* End PBXFileReference section */

/* Begin PBXFrameworksBuildPhase section */
		FB682923F656615C9626BCFD /* Frameworks */ = {
			isa = PBXFrameworksBuildPhase;
			buildActionMask = 2147483647;
			files = (
				4B671F07BF5257F4D8698371 /* Supabase in Frameworks */,
			);
			runOnlyForDeploymentPostprocessing = 0;
		};
/* End PBXFrameworksBuildPhase section */

/* Begin PBXGroup section */
		005E8B751146133CB8FCA8C5 /* Parent */ = {
			isa = PBXGroup;
			children = (
				391868E2E92497E6CDFA922C /* ParentDashboardView.swift */,
			);
			path = Parent;
			sourceTree = "<group>";
		};
		1B55B3E13467DB71518CC4F2 /* Kiosk */ = {
			isa = PBXGroup;
			children = (
				F35156E0A7B45FBBCD28DC38 /* GlobalKioskView.swift */,
				757DCC9F10B26459799B20D3 /* QRScannerView.swift */,
				109CE89C8684265033D609D6 /* StudySpaceView.swift */,
			);
			path = Kiosk;
			sourceTree = "<group>";
		};
		28E6BCED7C8C917E0F28C5A8 = {
			isa = PBXGroup;
			children = (
				4FF1F3FEA5695821BE4E3EFE /* TAVAttendance */,
				82CD083980EE2D8C19CDD4B0 /* TAVAttendanceTests */,
				F7C1A3B656D06525CBB93444 /* Products */,
			);
			sourceTree = "<group>";
		};
		3BB69713E30D1B0586407932 /* AppIntents */ = {
			isa = PBXGroup;
			children = (
				D56A28E4752FD6F6FA99B737 /* AttendanceStatusAppEnum.swift */,
				FEA18DB9555C7936A4D227EC /* ClassEntity.swift */,
				E118AE1693C05946C87E9552 /* IntentSupport.swift */,
				F3063799091ACD1EB194B57C /* KioskRouter.swift */,
				D4527A7623645D63DEDC2198 /* StudentEntity.swift */,
				626807EE6AA6433E29B7EEF5 /* TAVAShortcuts.swift */,
				FB290A36FF4902FC58198EED /* Intents */,
			);
			path = AppIntents;
			sourceTree = "<group>";
		};
		44A6EFC23E15DF3807ED8E4B /* Session */ = {
			isa = PBXGroup;
			children = (
				9A9752006163424A558ECFE6 /* ResultSlipUploadSheet.swift */,
				4F44A35FCED4364A1434BFDC /* RosterView.swift */,
				1A13F07251D1EC6DF75C6E76 /* SessionDetailView.swift */,
				A296E59FB31DDA29EF190F3F /* SessionListView.swift */,
				BA30B1D7854D1E12C0ABF39C /* StudentProfileView.swift */,
			);
			path = Session;
			sourceTree = "<group>";
		};
		4FF1F3FEA5695821BE4E3EFE /* TAVAttendance */ = {
			isa = PBXGroup;
			children = (
				309D5646A5E18F3D281FEABD /* Assets.xcassets */,
				5CAA9B963B7BEE4160883812 /* Info.plist */,
				96716DCA08CE8D202CCB479C /* Localizable.xcstrings */,
				232EA8CD6864FCB17CA40ED4 /* TAVAttendanceApp.swift */,
				3BB69713E30D1B0586407932 /* AppIntents */,
				9E1CA679F85B258F455BB18F /* Core */,
				B01C0DBACA98886FA038F890 /* Models */,
				9B2124344B144DC479818A99 /* Services */,
				B45DE67A859A4D79875E07C9 /* Views */,
			);
			path = TAVAttendance;
			sourceTree = "<group>";
		};
		7EC0E30C3E74621CFAD41ECC /* Tutor */ = {
			isa = PBXGroup;
			children = (
				ED27D15B4D66F7FD06F56BF1 /* StudentResultsView.swift */,
			);
			path = Tutor;
			sourceTree = "<group>";
		};
		82CD083980EE2D8C19CDD4B0 /* TAVAttendanceTests */ = {
			isa = PBXGroup;
			children = (
				D6DEBD5025C3EA87CF049788 /* AnalyticsTests.swift */,
				87AC7E67C7091F97B5D7E4FF /* AttendanceLogicTests.swift */,
			);
			path = TAVAttendanceTests;
			sourceTree = "<group>";
		};
		9B2124344B144DC479818A99 /* Services */ = {
			isa = PBXGroup;
			children = (
				FF5EC050D1FB11BF60A79BDD /* Analytics.swift */,
				64ADFF510704F740AA4F9A37 /* AttendanceService.swift */,
				42E65CF322BFF554E531CA30 /* FeatureFlags.swift */,
			);
			path = Services;
			sourceTree = "<group>";
		};
		9E1CA679F85B258F455BB18F /* Core */ = {
			isa = PBXGroup;
			children = (
				81CC1BD809880605E561BC0F /* AppError.swift */,
				24263A7CE6B4E1FE69D4C901 /* AuthManager.swift */,
				543023F8203B0054936C6A20 /* NetworkMonitor.swift */,
				FCFB3EEF935EB33E163FBB14 /* PendingAttendanceStore.swift */,
				90A44B53697EDDA16EB00544 /* PushManager.swift */,
				385F3C087DCCACB84D814052 /* SupabaseManager.swift */,
			);
			path = Core;
			sourceTree = "<group>";
		};
		B01C0DBACA98886FA038F890 /* Models */ = {
			isa = PBXGroup;
			children = (
				CB273005930FAD09CC8AD1F7 /* Models.swift */,
			);
			path = Models;
			sourceTree = "<group>";
		};
		B45DE67A859A4D79875E07C9 /* Views */ = {
			isa = PBXGroup;
			children = (
				B01FF2DBA483058541024A0D /* PrivacyNoticeView.swift */,
				D1EEFEA62629B5D8271E1429 /* Admin */,
				D392CAF894665DE241C00943 /* Auth */,
				F6109F62D7656F7E3193D086 /* Classes */,
				1B55B3E13467DB71518CC4F2 /* Kiosk */,
				005E8B751146133CB8FCA8C5 /* Parent */,
				44A6EFC23E15DF3807ED8E4B /* Session */,
				7EC0E30C3E74621CFAD41ECC /* Tutor */,
			);
			path = Views;
			sourceTree = "<group>";
		};
		D1EEFEA62629B5D8271E1429 /* Admin */ = {
			isa = PBXGroup;
			children = (
				F1598BFBB09802266CB1F424 /* ClassFormView.swift */,
				D30A5704E0BE4968BD6157D7 /* CorrectionRequestsView.swift */,
				5878F02CFFEB89C2996386A8 /* EnrollmentView.swift */,
				06D9A61ADE3ECD77F0BD9220 /* ExportView.swift */,
				76DF1807148A196AA37C1204 /* ParentLinkView.swift */,
				4EC7DC93588149D2B2912D0C /* StudentFormView.swift */,
				D673875F41EE45E065B47053 /* StudentImportView.swift */,
				27779637419CBFBFEA14E32A /* StudentManagementView.swift */,
				2C36143FEF33A6D9C5370479 /* StudentPrivacyView.swift */,
				EBB063231D34769098CFDE05 /* TutorAssignmentView.swift */,
			);
			path = Admin;
			sourceTree = "<group>";
		};
		D392CAF894665DE241C00943 /* Auth */ = {
			isa = PBXGroup;
			children = (
				B85DEA9F263B167CCEC35BFC /* LoginView.swift */,
			);
			path = Auth;
			sourceTree = "<group>";
		};
		F6109F62D7656F7E3193D086 /* Classes */ = {
			isa = PBXGroup;
			children = (
				942348981E4DF7666AF12F79 /* ClassListView.swift */,
			);
			path = Classes;
			sourceTree = "<group>";
		};
		F7C1A3B656D06525CBB93444 /* Products */ = {
			isa = PBXGroup;
			children = (
				CDE644C09FB4372E686B46F2 /* TAVAttendance.app */,
				FBBE84083C2C744F309E821D /* TAVAttendanceTests.xctest */,
			);
			name = Products;
			sourceTree = "<group>";
		};
		FB290A36FF4902FC58198EED /* Intents */ = {
			isa = PBXGroup;
			children = (
				E9545022B35ECF9F7DF0E84D /* CheckStudentStatusIntent.swift */,
				0B27337B14AAF2CF27A31982 /* ClassPunctualityIntent.swift */,
				79BF5AC4077D5D181F5C1813 /* MarkAttendanceIntent.swift */,
				374D50CD7AD19737B0A39486 /* OpenKioskIntent.swift */,
				5203C5DAD18245C177E027F0 /* SignInStudentIntent.swift */,
				00D13ADBA1A88996D74858B4 /* StudentAttendanceRateIntent.swift */,
				0CEC7D4C66DA385710F81DC6 /* TodayAttendanceSummaryIntent.swift */,
			);
			path = Intents;
			sourceTree = "<group>";
		};
		"TEMP_D39E3922-39FA-4071-BB68-6FCC4B7A32BA" /* iOS */ = {
			isa = PBXGroup;
			children = (
				"TEMP_11167080-3BB3-4969-BDD2-574CD2805643" /* Config.xcconfig */,
			);
			path = iOS;
			sourceTree = "<group>";
		};
/* End PBXGroup section */

/* Begin PBXNativeTarget section */
		677EDCAE942890AFBCBEF3FF /* TAVAttendanceTests */ = {
			isa = PBXNativeTarget;
			buildConfigurationList = 1650B0B3D0F7C74FC18E701E /* Build configuration list for PBXNativeTarget "TAVAttendanceTests" */;
			buildPhases = (
				241330B50BC8AF8FC8606CC8 /* Sources */,
			);
			buildRules = (
			);
			dependencies = (
				3B811B5CEA2433241EC9F812 /* PBXTargetDependency */,
			);
			name = TAVAttendanceTests;
			packageProductDependencies = (
			);
			productName = TAVAttendanceTests;
			productReference = FBBE84083C2C744F309E821D /* TAVAttendanceTests.xctest */;
			productType = "com.apple.product-type.bundle.unit-test";
		};
		B3761B335799DF70F2AAAA46 /* TAVAttendance */ = {
			isa = PBXNativeTarget;
			buildConfigurationList = 3F545E3C51D2DF16402AB299 /* Build configuration list for PBXNativeTarget "TAVAttendance" */;
			buildPhases = (
				64E0FDA99DF52E3A654F6F54 /* Sources */,
				700080F06E611C4DC45C4C30 /* Resources */,
				FB682923F656615C9626BCFD /* Frameworks */,
			);
			buildRules = (
			);
			dependencies = (
			);
			name = TAVAttendance;
			packageProductDependencies = (
				8511E3D4328E027CE05E01E8 /* Supabase */,
			);
			productName = TAVAttendance;
			productReference = CDE644C09FB4372E686B46F2 /* TAVAttendance.app */;
			productType = "com.apple.product-type.application";
		};
/* End PBXNativeTarget section */

/* Begin PBXProject section */
		AEDB9117D3EEC69B28C150E1 /* Project object */ = {
			isa = PBXProject;
			attributes = {
				BuildIndependentTargetsInParallel = YES;
				LastUpgradeCheck = 1600;
				TargetAttributes = {
					B3761B335799DF70F2AAAA46 = {
						DevelopmentTeam = DUU8J39BA7;
					};
				};
			};
			buildConfigurationList = A76FA904BD2D2EEF50075B71 /* Build configuration list for PBXProject "TAVAttendance" */;
			developmentRegion = en;
			hasScannedForEncodings = 0;
			knownRegions = (
				Base,
				en,
				"zh-Hans",
			);
			mainGroup = 28E6BCED7C8C917E0F28C5A8;
			minimizedProjectReferenceProxies = 1;
			packageReferences = (
				7F2FDF10B24D2524E41D7DB3 /* XCRemoteSwiftPackageReference "supabase-swift" */,
			);
			preferredProjectObjectVersion = 77;
			productRefGroup = F7C1A3B656D06525CBB93444 /* Products */;
			projectDirPath = "";
			projectRoot = "";
			targets = (
				B3761B335799DF70F2AAAA46 /* TAVAttendance */,
				677EDCAE942890AFBCBEF3FF /* TAVAttendanceTests */,
			);
		};
/* End PBXProject section */

/* Begin PBXResourcesBuildPhase section */
		700080F06E611C4DC45C4C30 /* Resources */ = {
			isa = PBXResourcesBuildPhase;
			buildActionMask = 2147483647;
			files = (
				2016432196785011366FAB4C /* Assets.xcassets in Resources */,
				80AE796DDE099DC594738E3D /* Localizable.xcstrings in Resources */,
			);
			runOnlyForDeploymentPostprocessing = 0;
		};
/* End PBXResourcesBuildPhase section */

/* Begin PBXSourcesBuildPhase section */
		241330B50BC8AF8FC8606CC8 /* Sources */ = {
			isa = PBXSourcesBuildPhase;
			buildActionMask = 2147483647;
			files = (
				FD3419A9374A8E606D4F799C /* AnalyticsTests.swift in Sources */,
				01664D28876316AD8B14BEA1 /* AttendanceLogicTests.swift in Sources */,
			);
			runOnlyForDeploymentPostprocessing = 0;
		};
		64E0FDA99DF52E3A654F6F54 /* Sources */ = {
			isa = PBXSourcesBuildPhase;
			buildActionMask = 2147483647;
			files = (
				57360712B2FCAB4474584EFF /* Analytics.swift in Sources */,
				135C5B0F8A62B43146F4B8C3 /* AppError.swift in Sources */,
				45F780CDEE205B3028DE4827 /* AttendanceService.swift in Sources */,
				7A8E8AB674B8766A7D6C91C6 /* AttendanceStatusAppEnum.swift in Sources */,
				6E41513F3BD4A9FB3BBC2722 /* AuthManager.swift in Sources */,
				AD5545A3F3C8DFC0847B191E /* CheckStudentStatusIntent.swift in Sources */,
				313617761ED161A0A3D09850 /* ClassEntity.swift in Sources */,
				7D3C850879FD3125ACFD677F /* ClassFormView.swift in Sources */,
				A8EC3E2E6880A74FA9E4F19A /* ClassListView.swift in Sources */,
				A41E633F997D792C597FEF1E /* ClassPunctualityIntent.swift in Sources */,
				EDC6B0ACAB97F385C9998282 /* CorrectionRequestsView.swift in Sources */,
				D84A9BB30A1CE2302FA69420 /* EnrollmentView.swift in Sources */,
				9CCF8A6E6924E4CD069CD26D /* ExportView.swift in Sources */,
				065119F939DA1316C08031A7 /* FeatureFlags.swift in Sources */,
				2DD2DE76549D495E0FDDC43B /* GlobalKioskView.swift in Sources */,
				A5D7840C9988F794C2CE2D2B /* IntentSupport.swift in Sources */,
				A35FBA2E321411D997079B12 /* KioskRouter.swift in Sources */,
				D693F8B311CB2B7F6D73D158 /* LoginView.swift in Sources */,
				95498756FEA67B4098994E5B /* MarkAttendanceIntent.swift in Sources */,
				C2DCEC585CCBC4BDAD601D61 /* Models.swift in Sources */,
				2ADC0F222562BC8827278955 /* NetworkMonitor.swift in Sources */,
				9705677849596329C19BA395 /* OpenKioskIntent.swift in Sources */,
				A6862F092CFF4AD3246EDF9E /* ParentDashboardView.swift in Sources */,
				AF57EBBF290621198727D3D9 /* ParentLinkView.swift in Sources */,
				83BFCAAD82E7EEB250A165E7 /* PendingAttendanceStore.swift in Sources */,
				48D38D79344B863C708969C2 /* PrivacyNoticeView.swift in Sources */,
				BA86F67649226E9C79AA8C4C /* PushManager.swift in Sources */,
				C2E9D3AF084BA4D847F9850D /* QRScannerView.swift in Sources */,
				746AABDC906A3C1E149B747A /* ResultSlipUploadSheet.swift in Sources */,
				0D88D6E645BA922FD1A2D5A4 /* RosterView.swift in Sources */,
				5F60A9C0CC3678AEC4069EEA /* SessionDetailView.swift in Sources */,
				79A73C09091FD25379D235F8 /* SessionListView.swift in Sources */,
				88A9F854E30944841383A5A5 /* SignInStudentIntent.swift in Sources */,
				BAFF49E2F26D7AC1DD4937BB /* StudentAttendanceRateIntent.swift in Sources */,
				182629C14ED9DA07F22B0223 /* StudentEntity.swift in Sources */,
				F7217E3079E64AAB8DDECED7 /* StudentFormView.swift in Sources */,
				7FAAC67F3797907FBD7559E2 /* StudentImportView.swift in Sources */,
				4A5DA3CF97AEE047612EA4B8 /* StudentManagementView.swift in Sources */,
				FE79888841DAF0F65F1CEEED /* StudentPrivacyView.swift in Sources */,
				48407CE22BE54FB050C3242C /* StudentProfileView.swift in Sources */,
				3403F3045A1C551C3809F033 /* StudentResultsView.swift in Sources */,
				38FE42903F12B183D53D2AA6 /* StudySpaceView.swift in Sources */,
				7B82E654CF7767F1DDC560CD /* SupabaseManager.swift in Sources */,
				61A15FE98F1DE3DA980A0221 /* TAVAShortcuts.swift in Sources */,
				10BC5C64E7AD432622E17329 /* TAVAttendanceApp.swift in Sources */,
				444135573C1FE2B662F582F6 /* TodayAttendanceSummaryIntent.swift in Sources */,
				8AC4398B1FEDFE3BBD4F5284 /* TutorAssignmentView.swift in Sources */,
			);
			runOnlyForDeploymentPostprocessing = 0;
		};
/* End PBXSourcesBuildPhase section */

/* Begin PBXTargetDependency section */
		3B811B5CEA2433241EC9F812 /* PBXTargetDependency */ = {
			isa = PBXTargetDependency;
			target = B3761B335799DF70F2AAAA46 /* TAVAttendance */;
			targetProxy = FB831165CBB12E0E7A78BAC1 /* PBXContainerItemProxy */;
		};
/* End PBXTargetDependency section */

/* Begin XCBuildConfiguration section */
		7405A4C87E32109B1F4886BB /* Release */ = {
			isa = XCBuildConfiguration;
			buildSettings = {
				ALWAYS_SEARCH_USER_PATHS = NO;
				CLANG_ANALYZER_NONNULL = YES;
				CLANG_ANALYZER_NUMBER_OBJECT_CONVERSION = YES_AGGRESSIVE;
				CLANG_CXX_LANGUAGE_STANDARD = "gnu++14";
				CLANG_CXX_LIBRARY = "libc++";
				CLANG_ENABLE_MODULES = YES;
				CLANG_ENABLE_OBJC_ARC = YES;
				CLANG_ENABLE_OBJC_WEAK = YES;
				CLANG_WARN_BLOCK_CAPTURE_AUTORELEASING = YES;
				CLANG_WARN_BOOL_CONVERSION = YES;
				CLANG_WARN_COMMA = YES;
				CLANG_WARN_CONSTANT_CONVERSION = YES;
				CLANG_WARN_DEPRECATED_OBJC_IMPLEMENTATIONS = YES;
				CLANG_WARN_DIRECT_OBJC_ISA_USAGE = YES_ERROR;
				CLANG_WARN_DOCUMENTATION_COMMENTS = YES;
				CLANG_WARN_EMPTY_BODY = YES;
				CLANG_WARN_ENUM_CONVERSION = YES;
				CLANG_WARN_INFINITE_RECURSION = YES;
				CLANG_WARN_INT_CONVERSION = YES;
				CLANG_WARN_NON_LITERAL_NULL_CONVERSION = YES;
				CLANG_WARN_OBJC_IMPLICIT_RETAIN_SELF = YES;
				CLANG_WARN_OBJC_LITERAL_CONVERSION = YES;
				CLANG_WARN_OBJC_ROOT_CLASS = YES_ERROR;
				CLANG_WARN_QUOTED_INCLUDE_IN_FRAMEWORK_HEADER = YES;
				CLANG_WARN_RANGE_LOOP_ANALYSIS = YES;
				CLANG_WARN_STRICT_PROTOTYPES = YES;
				CLANG_WARN_SUSPICIOUS_MOVE = YES;
				CLANG_WARN_UNGUARDED_AVAILABILITY = YES_AGGRESSIVE;
				CLANG_WARN_UNREACHABLE_CODE = YES;
				CLANG_WARN__DUPLICATE_METHOD_MATCH = YES;
				COPY_PHASE_STRIP = NO;
				DEBUG_INFORMATION_FORMAT = "dwarf-with-dsym";
				ENABLE_NS_ASSERTIONS = NO;
				ENABLE_STRICT_OBJC_MSGSEND = YES;
				GCC_C_LANGUAGE_STANDARD = gnu11;
				GCC_NO_COMMON_BLOCKS = YES;
				GCC_WARN_64_TO_32_BIT_CONVERSION = YES;
				GCC_WARN_ABOUT_RETURN_TYPE = YES_ERROR;
				GCC_WARN_UNDECLARED_SELECTOR = YES;
				GCC_WARN_UNINITIALIZED_AUTOS = YES_AGGRESSIVE;
				GCC_WARN_UNUSED_FUNCTION = YES;
				GCC_WARN_UNUSED_VARIABLE = YES;
				IPHONEOS_DEPLOYMENT_TARGET = 17.0;
				MTL_ENABLE_DEBUG_INFO = NO;
				MTL_FAST_MATH = YES;
				PRODUCT_NAME = "$(TARGET_NAME)";
				SDKROOT = iphoneos;
				SWIFT_COMPILATION_MODE = wholemodule;
				SWIFT_OPTIMIZATION_LEVEL = "-O";
				SWIFT_VERSION = 5.0;
			};
			name = Release;
		};
		A7F0778364F20D3D8DD43116 /* Debug */ = {
			isa = XCBuildConfiguration;
			buildSettings = {
				ALWAYS_SEARCH_USER_PATHS = NO;
				CLANG_ANALYZER_NONNULL = YES;
				CLANG_ANALYZER_NUMBER_OBJECT_CONVERSION = YES_AGGRESSIVE;
				CLANG_CXX_LANGUAGE_STANDARD = "gnu++14";
				CLANG_CXX_LIBRARY = "libc++";
				CLANG_ENABLE_MODULES = YES;
				CLANG_ENABLE_OBJC_ARC = YES;
				CLANG_ENABLE_OBJC_WEAK = YES;
				CLANG_WARN_BLOCK_CAPTURE_AUTORELEASING = YES;
				CLANG_WARN_BOOL_CONVERSION = YES;
				CLANG_WARN_COMMA = YES;
				CLANG_WARN_CONSTANT_CONVERSION = YES;
				CLANG_WARN_DEPRECATED_OBJC_IMPLEMENTATIONS = YES;
				CLANG_WARN_DIRECT_OBJC_ISA_USAGE = YES_ERROR;
				CLANG_WARN_DOCUMENTATION_COMMENTS = YES;
				CLANG_WARN_EMPTY_BODY = YES;
				CLANG_WARN_ENUM_CONVERSION = YES;
				CLANG_WARN_INFINITE_RECURSION = YES;
				CLANG_WARN_INT_CONVERSION = YES;
				CLANG_WARN_NON_LITERAL_NULL_CONVERSION = YES;
				CLANG_WARN_OBJC_IMPLICIT_RETAIN_SELF = YES;
				CLANG_WARN_OBJC_LITERAL_CONVERSION = YES;
				CLANG_WARN_OBJC_ROOT_CLASS = YES_ERROR;
				CLANG_WARN_QUOTED_INCLUDE_IN_FRAMEWORK_HEADER = YES;
				CLANG_WARN_RANGE_LOOP_ANALYSIS = YES;
				CLANG_WARN_STRICT_PROTOTYPES = YES;
				CLANG_WARN_SUSPICIOUS_MOVE = YES;
				CLANG_WARN_UNGUARDED_AVAILABILITY = YES_AGGRESSIVE;
				CLANG_WARN_UNREACHABLE_CODE = YES;
				CLANG_WARN__DUPLICATE_METHOD_MATCH = YES;
				COPY_PHASE_STRIP = NO;
				DEBUG_INFORMATION_FORMAT = dwarf;
				ENABLE_STRICT_OBJC_MSGSEND = YES;
				ENABLE_TESTABILITY = YES;
				GCC_C_LANGUAGE_STANDARD = gnu11;
				GCC_DYNAMIC_NO_PIC = NO;
				GCC_NO_COMMON_BLOCKS = YES;
				GCC_OPTIMIZATION_LEVEL = 0;
				GCC_PREPROCESSOR_DEFINITIONS = (
					"$(inherited)",
					"DEBUG=1",
				);
				GCC_WARN_64_TO_32_BIT_CONVERSION = YES;
				GCC_WARN_ABOUT_RETURN_TYPE = YES_ERROR;
				GCC_WARN_UNDECLARED_SELECTOR = YES;
				GCC_WARN_UNINITIALIZED_AUTOS = YES_AGGRESSIVE;
				GCC_WARN_UNUSED_FUNCTION = YES;
				GCC_WARN_UNUSED_VARIABLE = YES;
				IPHONEOS_DEPLOYMENT_TARGET = 17.0;
				MTL_ENABLE_DEBUG_INFO = INCLUDE_SOURCE;
				MTL_FAST_MATH = YES;
				ONLY_ACTIVE_ARCH = YES;
				PRODUCT_NAME = "$(TARGET_NAME)";
				SDKROOT = iphoneos;
				SWIFT_ACTIVE_COMPILATION_CONDITIONS = DEBUG;
				SWIFT_OPTIMIZATION_LEVEL = "-Onone";
				SWIFT_VERSION = 5.0;
			};
			name = Debug;
		};
		C6B52A640A5506A8F1158D52 /* Release */ = {
			isa = XCBuildConfiguration;
			baseConfigurationReference = "TEMP_11167080-3BB3-4969-BDD2-574CD2805643" /* Config.xcconfig */;
			buildSettings = {
				ASSETCATALOG_COMPILER_APPICON_NAME = AppIcon;
				CODE_SIGN_IDENTITY = "iPhone Developer";
				DEVELOPMENT_TEAM = DUU8J39BA7;
				INFOPLIST_FILE = TAVAttendance/Info.plist;
				IPHONEOS_DEPLOYMENT_TARGET = 17.0;
				LD_RUNPATH_SEARCH_PATHS = (
					"$(inherited)",
					"@executable_path/Frameworks",
				);
				PRODUCT_BUNDLE_IDENTIFIER = com.tava.TAVAttendance;
				SDKROOT = iphoneos;
				SWIFT_VERSION = 5.9;
				TARGETED_DEVICE_FAMILY = "1,2";
			};
			name = Release;
		};
		CDF762052617980158A7E469 /* Debug */ = {
			isa = XCBuildConfiguration;
			baseConfigurationReference = "TEMP_11167080-3BB3-4969-BDD2-574CD2805643" /* Config.xcconfig */;
			buildSettings = {
				ASSETCATALOG_COMPILER_APPICON_NAME = AppIcon;
				CODE_SIGN_IDENTITY = "iPhone Developer";
				DEVELOPMENT_TEAM = DUU8J39BA7;
				INFOPLIST_FILE = TAVAttendance/Info.plist;
				IPHONEOS_DEPLOYMENT_TARGET = 17.0;
				LD_RUNPATH_SEARCH_PATHS = (
					"$(inherited)",
					"@executable_path/Frameworks",
				);
				PRODUCT_BUNDLE_IDENTIFIER = com.tava.TAVAttendance;
				SDKROOT = iphoneos;
				SWIFT_VERSION = 5.9;
				TARGETED_DEVICE_FAMILY = "1,2";
			};
			name = Debug;
		};
		CEE94BFA36EF9255F604CD5E /* Debug */ = {
			isa = XCBuildConfiguration;
			buildSettings = {
				BUNDLE_LOADER = "$(TEST_HOST)";
				GENERATE_INFOPLIST_FILE = YES;
				IPHONEOS_DEPLOYMENT_TARGET = 17.0;
				LD_RUNPATH_SEARCH_PATHS = (
					"$(inherited)",
					"@executable_path/Frameworks",
					"@loader_path/Frameworks",
				);
				PRODUCT_BUNDLE_IDENTIFIER = com.tava.TAVAttendanceTests;
				SDKROOT = iphoneos;
				SWIFT_VERSION = 5.9;
				TARGETED_DEVICE_FAMILY = "1,2";
				TEST_HOST = "$(BUILT_PRODUCTS_DIR)/TAVAttendance.app/TAVAttendance";
			};
			name = Debug;
		};
		EA0DDE466B2A17835EDA359B /* Release */ = {
			isa = XCBuildConfiguration;
			buildSettings = {
				BUNDLE_LOADER = "$(TEST_HOST)";
				GENERATE_INFOPLIST_FILE = YES;
				IPHONEOS_DEPLOYMENT_TARGET = 17.0;
				LD_RUNPATH_SEARCH_PATHS = (
					"$(inherited)",
					"@executable_path/Frameworks",
					"@loader_path/Frameworks",
				);
				PRODUCT_BUNDLE_IDENTIFIER = com.tava.TAVAttendanceTests;
				SDKROOT = iphoneos;
				SWIFT_VERSION = 5.9;
				TARGETED_DEVICE_FAMILY = "1,2";
				TEST_HOST = "$(BUILT_PRODUCTS_DIR)/TAVAttendance.app/TAVAttendance";
			};
			name = Release;
		};
/* End XCBuildConfiguration section */

/* Begin XCConfigurationList section */
		1650B0B3D0F7C74FC18E701E /* Build configuration list for PBXNativeTarget "TAVAttendanceTests" */ = {
			isa = XCConfigurationList;
			buildConfigurations = (
				CEE94BFA36EF9255F604CD5E /* Debug */,
				EA0DDE466B2A17835EDA359B /* Release */,
			);
			defaultConfigurationIsVisible = 0;
			defaultConfigurationName = Debug;
		};
		3F545E3C51D2DF16402AB299 /* Build configuration list for PBXNativeTarget "TAVAttendance" */ = {
			isa = XCConfigurationList;
			buildConfigurations = (
				CDF762052617980158A7E469 /* Debug */,
				C6B52A640A5506A8F1158D52 /* Release */,
			);
			defaultConfigurationIsVisible = 0;
			defaultConfigurationName = Debug;
		};
		A76FA904BD2D2EEF50075B71 /* Build configuration list for PBXProject "TAVAttendance" */ = {
			isa = XCConfigurationList;
			buildConfigurations = (
				A7F0778364F20D3D8DD43116 /* Debug */,
				7405A4C87E32109B1F4886BB /* Release */,
			);
			defaultConfigurationIsVisible = 0;
			defaultConfigurationName = Debug;
		};
/* End XCConfigurationList section */

/* Begin XCRemoteSwiftPackageReference section */
		7F2FDF10B24D2524E41D7DB3 /* XCRemoteSwiftPackageReference "supabase-swift" */ = {
			isa = XCRemoteSwiftPackageReference;
			repositoryURL = "https://github.com/supabase/supabase-swift";
			requirement = {
				kind = upToNextMajorVersion;
				minimumVersion = 2.0.0;
			};
		};
/* End XCRemoteSwiftPackageReference section */

/* Begin XCSwiftPackageProductDependency section */
		8511E3D4328E027CE05E01E8 /* Supabase */ = {
			isa = XCSwiftPackageProductDependency;
			package = 7F2FDF10B24D2524E41D7DB3 /* XCRemoteSwiftPackageReference "supabase-swift" */;
			productName = Supabase;
		};
/* End XCSwiftPackageProductDependency section */
	};
	rootObject = AEDB9117D3EEC69B28C150E1 /* Project object */;
}
